
Microsoft Visual Studio Solution File, Format Version 12.00
# Visual Studio Version 16
VisualStudioVersion = 16.0.810.19
MinimumVisualStudioVersion = 10.0.40219.1
Project("{FAE04EC0-301F-11D3-BF4B-00C04F79EFBC}") = "URLShortnerApp.Android", "URLShortnerApp.Android\URLShortnerApp.Android.csproj", "{D0DF8BC3-0374-4139-975C-6B7CECDFA569}"
EndProject
Project("{FAE04EC0-301F-11D3-BF4B-00C04F79EFBC}") = "URLShortnerApp.iOS", "URLShortnerApp.iOS\URLShortnerApp.iOS.csproj", "{7E6D2302-CD67-4E73-9105-B93BC289E065}"
EndProject
Project("{FAE04EC0-301F-11D3-BF4B-00C04F79EFBC}") = "URLShortnerApp", "URLShortnerApp\URLShortnerApp.csproj", "{FAAD37E0-AC61-4821-8002-921DC4C07AA3}"
EndProject
Global
	GlobalSection(SolutionConfigurationPlatforms) = preSolution
		Debug|Any CPU = Debug|Any CPU
		Release|Any CPU = Release|Any CPU
		Debug|iPhoneSimulator = Debug|iPhoneSimulator
		Release|iPhoneSimulator = Release|iPhoneSimulator
		Debug|iPhone = Debug|iPhone
		Release|iPhone = Release|iPhone
	EndGlobalSection
	GlobalSection(ProjectConfigurationPlatforms) = postSolution
		{D0DF8BC3-0374-4139-975C-6B7CECDFA569}.Debug|Any CPU.ActiveCfg = Debug|Any CPU
		{D0DF8BC3-0374-4139-975C-6B7CECDFA569}.Debug|Any CPU.Build.0 = Debug|Any CPU
		{D0DF8BC3-0374-4139-975C-6B7CECDFA569}.Release|Any CPU.ActiveCfg = Release|Any CPU
		{D0DF8BC3-0374-4139-975C-6B7CECDFA569}.Release|Any CPU.Build.0 = Release|Any CPU
		{D0DF8BC3-0374-4139-975C-6B7CECDFA569}.Debug|iPhoneSimulator.ActiveCfg = Debug|Any CPU
		{D0DF8BC3-0374-4139-975C-6B7CECDFA569}.Debug|iPhoneSimulator.Build.0 = Debug|Any CPU
		{D0DF8BC3-0374-4139-975C-6B7CECDFA569}.Release|iPhoneSimulator.ActiveCfg = Release|Any CPU
		{D0DF8BC3-0374-4139-975C-6B7CECDFA569}.Release|iPhoneSimulator.Build.0 = Release|Any CPU
		{D0DF8BC3-0374-4139-975C-6B7CECDFA569}.Debug|iPhone.ActiveCfg = Debug|Any CPU
		{D0DF8BC3-0374-4139-975C-6B7CECDFA569}.Debug|iPhone.Build.0 = Debug|Any CPU
		{D0DF8BC3-0374-4139-975C-6B7CECDFA569}.Release|iPhone.ActiveCfg = Release|Any CPU
		{D0DF8BC3-0374-4139-975C-6B7CECDFA569}.Release|iPhone.Build.0 = Release|Any CPU
		{7E6D2302-CD67-4E73-9105-B93BC289E065}.Debug|Any CPU.ActiveCfg = Debug|iPhoneSimulator
		{7E6D2302-CD67-4E73-9105-B93BC289E065}.Debug|Any CPU.Build.0 = Debug|iPhoneSimulator
		{7E6D2302-CD67-4E73-9105-B93BC289E065}.Release|Any CPU.ActiveCfg = Release|iPhoneSimulator
		{7E6D2302-CD67-4E73-9105-B93BC289E065}.Release|Any CPU.Build.0 = Release|iPhoneSimulator
		{7E6D2302-CD67-4E73-9105-B93BC289E065}.Debug|iPhoneSimulator.ActiveCfg = Debug|iPhoneSimulator
		{7E6D2302-CD67-4E73-9105-B93BC289E065}.Debug|iPhoneSimulator.Build.0 = Debug|iPhoneSimulator
		{7E6D2302-CD67-4E73-9105-B93BC289E065}.Release|iPhoneSimulator.ActiveCfg = Release|iPhoneSimulator
		{7E6D2302-CD67-4E73-9105-B93BC289E065}.Release|iPhoneSimulator.Build.0 = Release|iPhoneSimulator
		{7E6D2302-CD67-4E73-9105-B93BC289E065}.Debug|iPhone.ActiveCfg = Debug|iPhone
		{7E6D2302-CD67-4E73-9105-B93BC289E065}.Debug|iPhone.Build.0 = Debug|iPhone
		{7E6D2302-CD67-4E73-9105-B93BC289E065}.Release|iPhone.ActiveCfg = Release|iPhone
		{7E6D2302-CD67-4E73-9105-B93BC289E065}.Release|iPhone.Build.0 = Release|iPhone
		{FAAD37E0-AC61-4821-8002-921DC4C07AA3}.Debug|Any CPU.ActiveCfg = Debug|Any CPU
		{FAAD37E0-AC61-4821-8002-921DC4C07AA3}.Debug|Any CPU.Build.0 = Debug|Any CPU
		{FAAD37E0-AC61-4821-8002-921DC4C07AA3}.Release|Any CPU.ActiveCfg = Release|Any CPU
		{FAAD37E0-AC61-4821-8002-921DC4C07AA3}.Release|Any CPU.Build.0 = Release|Any CPU
		{FAAD37E0-AC61-4821-8002-921DC4C07AA3}.Debug|iPhoneSimulator.ActiveCfg = Debug|Any CPU
		{FAAD37E0-AC61-4821-8002-921DC4C07AA3}.Debug|iPhoneSimulator.Build.0 = Debug|Any CPU
		{FAAD37E0-AC61-4821-8002-921DC4C07AA3}.Release|iPhoneSimulator.ActiveCfg = Release|Any CPU
		{FAAD37E0-AC61-4821-8002-921DC4C07AA3}.Release|iPhoneSimulator.Build.0 = Release|Any CPU
		{FAAD37E0-AC61-4821-8002-921DC4C07AA3}.Debug|iPhone.ActiveCfg = Debug|Any CPU
		{FAAD37E0-AC61-4821-8002-921DC4C07AA3}.Debug|iPhone.Build.0 = Debug|Any CPU
		{FAAD37E0-AC61-4821-8002-921DC4C07AA3}.Release|iPhone.ActiveCfg = Release|Any CPU
		{FAAD37E0-AC61-4821-8002-921DC4C07AA3}.Release|iPhone.Build.0 = Release|Any CPU
	EndGlobalSection
	GlobalSection(SolutionProperties) = preSolution
		HideSolutionNode = FALSE
	EndGlobalSection
	GlobalSection(ExtensibilityGlobals) = postSolution
		SolutionGuid = {2D9BD1E5-7407-4806-9092-F524E3BF2F04}
	EndGlobalSection
EndGlobal
